// !$*UTF8*$!
{
	archiveVersion = 1;
	classes = {
	};
	objectVersion = 46;
	objects = {

/* Begin PBXBuildFile section */
		2F59D63816E9A47C00F8B110 /* AppDelegate.m in Sources */ = {isa = PBXBuildFile; fileRef = 2F59D62516E9A47C00F8B110 /* AppDelegate.m */; };
		2F59D63916E9A47C00F8B110 /* FriendsAroundYouViewController.m in Sources */ = {isa = PBXBuildFile; fileRef = 2F59D62816E9A47C00F8B110 /* FriendsAroundYouViewController.m */; };
		2F59D63A16E9A47C00F8B110 /* FriendsAroundYouViewController.xib in Resources */ = {isa = PBXBuildFile; fileRef = 2F59D62916E9A47C00F8B110 /* FriendsAroundYouViewController.xib */; };
		2F59D63B16E9A47C00F8B110 /* LoginViewController.m in Sources */ = {isa = PBXBuildFile; fileRef = 2F59D62C16E9A47C00F8B110 /* LoginViewController.m */; };
		2F59D63C16E9A47C00F8B110 /* LoginViewController.xib in Resources */ = {isa = PBXBuildFile; fileRef = 2F59D62D16E9A47C00F8B110 /* LoginViewController.xib */; };
		2F59D63D16E9A47C00F8B110 /* PostCommentViewController.m in Sources */ = {isa = PBXBuildFile; fileRef = 2F59D63016E9A47C00F8B110 /* PostCommentViewController.m */; };
		2F59D63E16E9A47C00F8B110 /* PostCommentViewController.xib in Resources */ = {isa = PBXBuildFile; fileRef = 2F59D63116E9A47C00F8B110 /* PostCommentViewController.xib */; };
		2F59D63F16E9A47C00F8B110 /* Cell.m in Sources */ = {isa = PBXBuildFile; fileRef = 2F59D63416E9A47C00F8B110 /* Cell.m */; };
		2F59D64016E9A47C00F8B110 /* ViewController.m in Sources */ = {isa = PBXBuildFile; fileRef = 2F59D63716E9A47C00F8B110 /* ViewController.m */; };
		2F59D65816E9A6EA00F8B110 /* UIViewController+ProgressSheet.m in Sources */ = {isa = PBXBuildFile; fileRef = 2F59D65716E9A6EA00F8B110 /* UIViewController+ProgressSheet.m */; };
		2F68CA6616DC802400FB5D0A /* facebook-login-button.png in Resources */ = {isa = PBXBuildFile; fileRef = 2F68CA6516DC802400FB5D0A /* facebook-login-button.png */; };
		2F68CA7D16DC85AA00FB5D0A /* Continue Image.png in Resources */ = {isa = PBXBuildFile; fileRef = 2F68CA7C16DC85AA00FB5D0A /* Continue Image.png */; };
		2F68CA7F16DC882300FB5D0A /* Options.png in Resources */ = {isa = PBXBuildFile; fileRef = 2F68CA7E16DC882300FB5D0A /* Options.png */; };
		FA470A41169FED4D00558CD3 /* UIKit.framework in Frameworks */ = {isa = PBXBuildFile; fileRef = FA470A40169FED4D00558CD3 /* UIKit.framework */; };
		FA470A43169FED4D00558CD3 /* Foundation.framework in Frameworks */ = {isa = PBXBuildFile; fileRef = FA470A42169FED4D00558CD3 /* Foundation.framework */; };
		FA470A45169FED4D00558CD3 /* CoreGraphics.framework in Frameworks */ = {isa = PBXBuildFile; fileRef = FA470A44169FED4D00558CD3 /* CoreGraphics.framework */; };
		FA470A4B169FED4D00558CD3 /* InfoPlist.strings in Resources */ = {isa = PBXBuildFile; fileRef = FA470A49169FED4D00558CD3 /* InfoPlist.strings */; };
		FA470A4D169FED4D00558CD3 /* main.m in Sources */ = {isa = PBXBuildFile; fileRef = FA470A4C169FED4D00558CD3 /* main.m */; };
		FA470A53169FED4D00558CD3 /* Default.png in Resources */ = {isa = PBXBuildFile; fileRef = FA470A52169FED4D00558CD3 /* Default.png */; };
		FA470A55169FED4D00558CD3 /* Default@2x.png in Resources */ = {isa = PBXBuildFile; fileRef = FA470A54169FED4D00558CD3 /* Default@2x.png */; };
		FA470A57169FED4D00558CD3 /* Default-568h@2x.png in Resources */ = {isa = PBXBuildFile; fileRef = FA470A56169FED4D00558CD3 /* Default-568h@2x.png */; };
		FA470A5D169FED4E00558CD3 /* ViewController.xib in Resources */ = {isa = PBXBuildFile; fileRef = FA470A5B169FED4E00558CD3 /* ViewController.xib */; };
		FA470A6B169FEF5E00558CD3 /* FacebookSDK.framework in Frameworks */ = {isa = PBXBuildFile; fileRef = FA470A6A169FEF5E00558CD3 /* FacebookSDK.framework */; };
		FA470A6D169FEF8F00558CD3 /* FacebookSDKResources.bundle in Resources */ = {isa = PBXBuildFile; fileRef = FA470A6C169FEF8F00558CD3 /* FacebookSDKResources.bundle */; };
		FA470A6F169FEF9C00558CD3 /* FBUserSettingsViewResources.bundle in Resources */ = {isa = PBXBuildFile; fileRef = FA470A6E169FEF9C00558CD3 /* FBUserSettingsViewResources.bundle */; };
		FA470A72169FEFB500558CD3 /* Accounts.framework in Frameworks */ = {isa = PBXBuildFile; fileRef = FA470A70169FEFB500558CD3 /* Accounts.framework */; };
		FA470A73169FEFB500558CD3 /* AdSupport.framework in Frameworks */ = {isa = PBXBuildFile; fileRef = FA470A71169FEFB500558CD3 /* AdSupport.framework */; };
		FA470A75169FEFBD00558CD3 /* Social.framework in Frameworks */ = {isa = PBXBuildFile; fileRef = FA470A74169FEFBD00558CD3 /* Social.framework */; };
		FA59745A16AD5460008A6B9F /* CoreLocation.framework in Frameworks */ = {isa = PBXBuildFile; fileRef = FA59745916AD5460008A6B9F /* CoreLocation.framework */; };
		FA59745D16AD5467008A6B9F /* MapKit.framework in Frameworks */ = {isa = PBXBuildFile; fileRef = FA59745C16AD5467008A6B9F /* MapKit.framework */; };
/* End PBXBuildFile section */

/* Begin PBXFileReference section */
		2F59D62416E9A47C00F8B110 /* AppDelegate.h */ = {isa = PBXFileReference; fileEncoding = 4; lastKnownFileType = sourcecode.c.h; path = AppDelegate.h; sourceTree = "<group>"; };
		2F59D62516E9A47C00F8B110 /* AppDelegate.m */ = {isa = PBXFileReference; fileEncoding = 4; lastKnownFileType = sourcecode.c.objc; path = AppDelegate.m; sourceTree = "<group>"; };
		2F59D62716E9A47C00F8B110 /* FriendsAroundYouViewController.h */ = {isa = PBXFileReference; fileEncoding = 4; lastKnownFileType = sourcecode.c.h; path = FriendsAroundYouViewController.h; sourceTree = "<group>"; };
		2F59D62816E9A47C00F8B110 /* FriendsAroundYouViewController.m */ = {isa = PBXFileReference; fileEncoding = 4; lastKnownFileType = sourcecode.c.objc; path = FriendsAroundYouViewController.m; sourceTree = "<group>"; };
		2F59D62916E9A47C00F8B110 /* FriendsAroundYouViewController.xib */ = {isa = PBXFileReference; fileEncoding = 4; lastKnownFileType = file.xib; path = FriendsAroundYouViewController.xib; sourceTree = "<group>"; };
		2F59D62B16E9A47C00F8B110 /* LoginViewController.h */ = {isa = PBXFileReference; fileEncoding = 4; lastKnownFileType = sourcecode.c.h; path = LoginViewController.h; sourceTree = "<group>"; };
		2F59D62C16E9A47C00F8B110 /* LoginViewController.m */ = {isa = PBXFileReference; fileEncoding = 4; lastKnownFileType = sourcecode.c.objc; path = LoginViewController.m; sourceTree = "<group>"; };
		2F59D62D16E9A47C00F8B110 /* LoginViewController.xib */ = {isa = PBXFileReference; fileEncoding = 4; lastKnownFileType = file.xib; path = LoginViewController.xib; sourceTree = "<group>"; };
		2F59D62F16E9A47C00F8B110 /* PostCommentViewController.h */ = {isa = PBXFileReference; fileEncoding = 4; lastKnownFileType = sourcecode.c.h; path = PostCommentViewController.h; sourceTree = "<group>"; };
		2F59D63016E9A47C00F8B110 /* PostCommentViewController.m */ = {isa = PBXFileReference; fileEncoding = 4; lastKnownFileType = sourcecode.c.objc; path = PostCommentViewController.m; sourceTree = "<group>"; };
		2F59D63116E9A47C00F8B110 /* PostCommentViewController.xib */ = {isa = PBXFileReference; fileEncoding = 4; lastKnownFileType = file.xib; path = PostCommentViewController.xib; sourceTree = "<group>"; };
		2F59D63316E9A47C00F8B110 /* Cell.h */ = {isa = PBXFileReference; fileEncoding = 4; lastKnownFileType = sourcecode.c.h; path = Cell.h; sourceTree = "<group>"; };
		2F59D63416E9A47C00F8B110 /* Cell.m */ = {isa = PBXFileReference; fileEncoding = 4; lastKnownFileType = sourcecode.c.objc; path = Cell.m; sourceTree = "<group>"; };
		2F59D63616E9A47C00F8B110 /* ViewController.h */ = {isa = PBXFileReference; fileEncoding = 4; lastKnownFileType = sourcecode.c.h; path = ViewController.h; sourceTree = "<group>"; };
		2F59D63716E9A47C00F8B110 /* ViewController.m */ = {isa = PBXFileReference; fileEncoding = 4; lastKnownFileType = sourcecode.c.objc; path = ViewController.m; sourceTree = "<group>"; };
		2F59D65616E9A6EA00F8B110 /* UIViewController+ProgressSheet.h */ = {isa = PBXFileReference; fileEncoding = 4; lastKnownFileType = sourcecode.c.h; path = "UIViewController+ProgressSheet.h"; sourceTree = "<group>"; };
		2F59D65716E9A6EA00F8B110 /* UIViewController+ProgressSheet.m */ = {isa = PBXFileReference; fileEncoding = 4; lastKnownFileType = sourcecode.c.objc; path = "UIViewController+ProgressSheet.m"; sourceTree = "<group>"; };
		2F68CA6516DC802400FB5D0A /* facebook-login-button.png */ = {isa = PBXFileReference; lastKnownFileType = image.png; path = "facebook-login-button.png"; sourceTree = "<group>"; };
		2F68CA7C16DC85AA00FB5D0A /* Continue Image.png */ = {isa = PBXFileReference; lastKnownFileType = image.png; path = "Continue Image.png"; sourceTree = "<group>"; };
		2F68CA7E16DC882300FB5D0A /* Options.png */ = {isa = PBXFileReference; lastKnownFileType = image.png; path = Options.png; sourceTree = "<group>"; };
		FA470A3C169FED4D00558CD3 /* Whosflying.app */ = {isa = PBXFileReference; explicitFileType = wrapper.application; includeInIndex = 0; path = Whosflying.app; sourceTree = BUILT_PRODUCTS_DIR; };
		FA470A40169FED4D00558CD3 /* UIKit.framework */ = {isa = PBXFileReference; lastKnownFileType = wrapper.framework; name = UIKit.framework; path = System/Library/Frameworks/UIKit.framework; sourceTree = SDKROOT; };
		FA470A42169FED4D00558CD3 /* Foundation.framework */ = {isa = PBXFileReference; lastKnownFileType = wrapper.framework; name = Foundation.framework; path = System/Library/Frameworks/Foundation.framework; sourceTree = SDKROOT; };
		FA470A44169FED4D00558CD3 /* CoreGraphics.framework */ = {isa = PBXFileReference; lastKnownFileType = wrapper.framework; name = CoreGraphics.framework; path = System/Library/Frameworks/CoreGraphics.framework; sourceTree = SDKROOT; };
		FA470A48169FED4D00558CD3 /* Whosflying-Info.plist */ = {isa = PBXFileReference; lastKnownFileType = text.plist.xml; path = "Whosflying-Info.plist"; sourceTree = "<group>"; };
		FA470A4A169FED4D00558CD3 /* en */ = {isa = PBXFileReference; lastKnownFileType = text.plist.strings; name = en; path = en.lproj/InfoPlist.strings; sourceTree = "<group>"; };
		FA470A4C169FED4D00558CD3 /* main.m */ = {isa = PBXFileReference; lastKnownFileType = sourcecode.c.objc; path = main.m; sourceTree = "<group>"; };
		FA470A4E169FED4D00558CD3 /* Whosflying-Prefix.pch */ = {isa = PBXFileReference; lastKnownFileType = sourcecode.c.h; path = "Whosflying-Prefix.pch"; sourceTree = "<group>"; };
		FA470A52169FED4D00558CD3 /* Default.png */ = {isa = PBXFileReference; lastKnownFileType = image.png; path = Default.png; sourceTree = "<group>"; };
		FA470A54169FED4D00558CD3 /* Default@2x.png */ = {isa = PBXFileReference; lastKnownFileType = image.png; path = "Default@2x.png"; sourceTree = "<group>"; };
		FA470A56169FED4D00558CD3 /* Default-568h@2x.png */ = {isa = PBXFileReference; lastKnownFileType = image.png; path = "Default-568h@2x.png"; sourceTree = "<group>"; };
		FA470A5C169FED4E00558CD3 /* en */ = {isa = PBXFileReference; lastKnownFileType = file.xib; name = en; path = en.lproj/ViewController.xib; sourceTree = "<group>"; };
		FA470A6A169FEF5E00558CD3 /* FacebookSDK.framework */ = {isa = PBXFileReference; lastKnownFileType = wrapper.framework; name = FacebookSDK.framework; path = Whosflying/FacebookSDK.framework; sourceTree = "<group>"; };
		FA470A6C169FEF8F00558CD3 /* FacebookSDKResources.bundle */ = {isa = PBXFileReference; lastKnownFileType = "wrapper.plug-in"; name = FacebookSDKResources.bundle; path = Whosflying/FacebookSDKResources.bundle; sourceTree = "<group>"; };
		FA470A6E169FEF9C00558CD3 /* FBUserSettingsViewResources.bundle */ = {isa = PBXFileReference; lastKnownFileType = "wrapper.plug-in"; name = FBUserSettingsViewResources.bundle; path = Whosflying/FBUserSettingsViewResources.bundle; sourceTree = "<group>"; };
		FA470A70169FEFB500558CD3 /* Accounts.framework */ = {isa = PBXFileReference; lastKnownFileType = wrapper.framework; name = Accounts.framework; path = System/Library/Frameworks/Accounts.framework; sourceTree = SDKROOT; };
		FA470A71169FEFB500558CD3 /* AdSupport.framework */ = {isa = PBXFileReference; lastKnownFileType = wrapper.framework; name = AdSupport.framework; path = System/Library/Frameworks/AdSupport.framework; sourceTree = SDKROOT; };
		FA470A74169FEFBD00558CD3 /* Social.framework */ = {isa = PBXFileReference; lastKnownFileType = wrapper.framework; name = Social.framework; path = System/Library/Frameworks/Social.framework; sourceTree = SDKROOT; };
		FA59745916AD5460008A6B9F /* CoreLocation.framework */ = {isa = PBXFileReference; lastKnownFileType = wrapper.framework; name = CoreLocation.framework; path = System/Library/Frameworks/CoreLocation.framework; sourceTree = SDKROOT; };
		FA59745C16AD5467008A6B9F /* MapKit.framework */ = {isa = PBXFileReference; lastKnownFileType = wrapper.framework; name = MapKit.framework; path = System/Library/Frameworks/MapKit.framework; sourceTree = SDKROOT; };
/* End PBXFileReference section */

/* Begin PBXFrameworksBuildPhase section */
		FA470A39169FED4D00558CD3 /* Frameworks */ = {
			isa = PBXFrameworksBuildPhase;
			buildActionMask = 2147483647;
			files = (
				FA59745D16AD5467008A6B9F /* MapKit.framework in Frameworks */,
				FA59745A16AD5460008A6B9F /* CoreLocation.framework in Frameworks */,
				FA470A75169FEFBD00558CD3 /* Social.framework in Frameworks */,
				FA470A72169FEFB500558CD3 /* Accounts.framework in Frameworks */,
				FA470A73169FEFB500558CD3 /* AdSupport.framework in Frameworks */,
				FA470A41169FED4D00558CD3 /* UIKit.framework in Frameworks */,
				FA470A43169FED4D00558CD3 /* Foundation.framework in Frameworks */,
				FA470A45169FED4D00558CD3 /* CoreGraphics.framework in Frameworks */,
				FA470A6B169FEF5E00558CD3 /* FacebookSDK.framework in Frameworks */,
			);
			runOnlyForDeploymentPostprocessing = 0;
		};
/* End PBXFrameworksBuildPhase section */

/* Begin PBXGroup section */
		2F59D62216E9A47C00F8B110 /* Clases */ = {
			isa = PBXGroup;
			children = (
				2F59D62316E9A47C00F8B110 /* App Delegate */,
				2F59D62616E9A47C00F8B110 /* Friends Around You View Controller */,
				2F59D62A16E9A47C00F8B110 /* Login View Controller */,
				2F59D62E16E9A47C00F8B110 /* Post comments Controller */,
				2F59D63216E9A47C00F8B110 /* Tableview Cells */,
				2F59D63516E9A47C00F8B110 /* View Controller */,
			);
			path = Clases;
			sourceTree = "<group>";
		};
		2F59D62316E9A47C00F8B110 /* App Delegate */ = {
			isa = PBXGroup;
			children = (
				2F59D62416E9A47C00F8B110 /* AppDelegate.h */,
				2F59D62516E9A47C00F8B110 /* AppDelegate.m */,
			);
			path = "App Delegate";
			sourceTree = "<group>";
		};
		2F59D62616E9A47C00F8B110 /* Friends Around You View Controller */ = {
			isa = PBXGroup;
			children = (
				2F59D62716E9A47C00F8B110 /* FriendsAroundYouViewController.h */,
				2F59D62816E9A47C00F8B110 /* FriendsAroundYouViewController.m */,
				2F59D62916E9A47C00F8B110 /* FriendsAroundYouViewController.xib */,
			);
			path = "Friends Around You View Controller";
			sourceTree = "<group>";
		};
		2F59D62A16E9A47C00F8B110 /* Login View Controller */ = {
			isa = PBXGroup;
			children = (
				2F59D62B16E9A47C00F8B110 /* LoginViewController.h */,
				2F59D62C16E9A47C00F8B110 /* LoginViewController.m */,
				2F59D62D16E9A47C00F8B110 /* LoginViewController.xib */,
			);
			path = "Login View Controller";
			sourceTree = "<group>";
		};
		2F59D62E16E9A47C00F8B110 /* Post comments Controller */ = {
			isa = PBXGroup;
			children = (
				2F59D62F16E9A47C00F8B110 /* PostCommentViewController.h */,
				2F59D63016E9A47C00F8B110 /* PostCommentViewController.m */,
				2F59D63116E9A47C00F8B110 /* PostCommentViewController.xib */,
			);
			path = "Post comments Controller";
			sourceTree = "<group>";
		};
		2F59D63216E9A47C00F8B110 /* Tableview Cells */ = {
			isa = PBXGroup;
			children = (
				2F59D63316E9A47C00F8B110 /* Cell.h */,
				2F59D63416E9A47C00F8B110 /* Cell.m */,
			);
			path = "Tableview Cells";
			sourceTree = "<group>";
		};
		2F59D63516E9A47C00F8B110 /* View Controller */ = {
			isa = PBXGroup;
			children = (
				2F59D63616E9A47C00F8B110 /* ViewController.h */,
				FA470A5B169FED4E00558CD3 /* ViewController.xib */,
				2F59D63716E9A47C00F8B110 /* ViewController.m */,
			);
			path = "View Controller";
			sourceTree = "<group>";
		};
		2F59D65416E9A6EA00F8B110 /* Common */ = {
			isa = PBXGroup;
			children = (
				2F59D65516E9A6EA00F8B110 /* UIViewController */,
			);
			path = Common;
			sourceTree = "<group>";
		};
		2F59D65516E9A6EA00F8B110 /* UIViewController */ = {
			isa = PBXGroup;
			children = (
				2F59D65616E9A6EA00F8B110 /* UIViewController+ProgressSheet.h */,
				2F59D65716E9A6EA00F8B110 /* UIViewController+ProgressSheet.m */,
			);
			path = UIViewController;
			sourceTree = "<group>";
		};
		FA470A31169FED4D00558CD3 = {
			isa = PBXGroup;
			children = (
				2F68CA7E16DC882300FB5D0A /* Options.png */,
				2F68CA6516DC802400FB5D0A /* facebook-login-button.png */,
				2F68CA7C16DC85AA00FB5D0A /* Continue Image.png */,
				FA470A46169FED4D00558CD3 /* Whosflying */,
				FA470A3F169FED4D00558CD3 /* Frameworks */,
				FA470A3D169FED4D00558CD3 /* Products */,
			);
			sourceTree = "<group>";
		};
		FA470A3D169FED4D00558CD3 /* Products */ = {
			isa = PBXGroup;
			children = (
				FA470A3C169FED4D00558CD3 /* Whosflying.app */,
			);
			name = Products;
			sourceTree = "<group>";
		};
		FA470A3F169FED4D00558CD3 /* Frameworks */ = {
			isa = PBXGroup;
			children = (
				FA59745C16AD5467008A6B9F /* MapKit.framework */,
				FA59745916AD5460008A6B9F /* CoreLocation.framework */,
				FA470A6E169FEF9C00558CD3 /* FBUserSettingsViewResources.bundle */,
				FA470A6C169FEF8F00558CD3 /* FacebookSDKResources.bundle */,
				FA470A6A169FEF5E00558CD3 /* FacebookSDK.framework */,
				FA470A74169FEFBD00558CD3 /* Social.framework */,
				FA470A70169FEFB500558CD3 /* Accounts.framework */,
				FA470A71169FEFB500558CD3 /* AdSupport.framework */,
				FA470A40169FED4D00558CD3 /* UIKit.framework */,
				FA470A42169FED4D00558CD3 /* Foundation.framework */,
				FA470A44169FED4D00558CD3 /* CoreGraphics.framework */,
			);
			name = Frameworks;
			sourceTree = "<group>";
		};
		FA470A46169FED4D00558CD3 /* Whosflying */ = {
			isa = PBXGroup;
			children = (
				2F59D65416E9A6EA00F8B110 /* Common */,
				2F59D62216E9A47C00F8B110 /* Clases */,
				FA470A47169FED4D00558CD3 /* Supporting Files */,
			);
			path = Whosflying;
			sourceTree = "<group>";
		};
		FA470A47169FED4D00558CD3 /* Supporting Files */ = {
			isa = PBXGroup;
			children = (
				FA470A48169FED4D00558CD3 /* Whosflying-Info.plist */,
				FA470A49169FED4D00558CD3 /* InfoPlist.strings */,
				FA470A4C169FED4D00558CD3 /* main.m */,
				FA470A4E169FED4D00558CD3 /* Whosflying-Prefix.pch */,
				FA470A52169FED4D00558CD3 /* Default.png */,
				FA470A54169FED4D00558CD3 /* Default@2x.png */,
				FA470A56169FED4D00558CD3 /* Default-568h@2x.png */,
			);
			name = "Supporting Files";
			sourceTree = "<group>";
		};
/* End PBXGroup section */

/* Begin PBXNativeTarget section */
		FA470A3B169FED4D00558CD3 /* Whosflying */ = {
			isa = PBXNativeTarget;
			buildConfigurationList = FA470A60169FED4E00558CD3 /* Build configuration list for PBXNativeTarget "Whosflying" */;
			buildPhases = (
				FA470A38169FED4D00558CD3 /* Sources */,
				FA470A39169FED4D00558CD3 /* Frameworks */,
				FA470A3A169FED4D00558CD3 /* Resources */,
			);
			buildRules = (
			);
			dependencies = (
			);
			name = Whosflying;
			productName = Whosflying;
			productReference = FA470A3C169FED4D00558CD3 /* Whosflying.app */;
			productType = "com.apple.product-type.application";
		};
/* End PBXNativeTarget section */

/* Begin PBXProject section */
		FA470A33169FED4D00558CD3 /* Project object */ = {
			isa = PBXProject;
			attributes = {
				LastUpgradeCheck = 0450;
				ORGANIZATIONNAME = startup;
			};
			buildConfigurationList = FA470A36169FED4D00558CD3 /* Build configuration list for PBXProject "Whosflying" */;
			compatibilityVersion = "Xcode 3.2";
			developmentRegion = English;
			hasScannedForEncodings = 0;
			knownRegions = (
				en,
			);
			mainGroup = FA470A31169FED4D00558CD3;
			productRefGroup = FA470A3D169FED4D00558CD3 /* Products */;
			projectDirPath = "";
			projectRoot = "";
			targets = (
				FA470A3B169FED4D00558CD3 /* Whosflying */,
			);
		};
/* End PBXProject section */

/* Begin PBXResourcesBuildPhase section */
		FA470A3A169FED4D00558CD3 /* Resources */ = {
			isa = PBXResourcesBuildPhase;
			buildActionMask = 2147483647;
			files = (
				FA470A4B169FED4D00558CD3 /* InfoPlist.strings in Resources */,
				FA470A53169FED4D00558CD3 /* Default.png in Resources */,
				FA470A55169FED4D00558CD3 /* Default@2x.png in Resources */,
				FA470A57169FED4D00558CD3 /* Default-568h@2x.png in Resources */,
				FA470A5D169FED4E00558CD3 /* ViewController.xib in Resources */,
				FA470A6D169FEF8F00558CD3 /* FacebookSDKResources.bundle in Resources */,
				FA470A6F169FEF9C00558CD3 /* FBUserSettingsViewResources.bundle in Resources */,
				2F68CA6616DC802400FB5D0A /* facebook-login-button.png in Resources */,
				2F68CA7D16DC85AA00FB5D0A /* Continue Image.png in Resources */,
				2F68CA7F16DC882300FB5D0A /* Options.png in Resources */,
				2F59D63A16E9A47C00F8B110 /* FriendsAroundYouViewController.xib in Resources */,
				2F59D63C16E9A47C00F8B110 /* LoginViewController.xib in Resources */,
				2F59D63E16E9A47C00F8B110 /* PostCommentViewController.xib in Resources */,
			);
			runOnlyForDeploymentPostprocessing = 0;
		};
/* End PBXResourcesBuildPhase section */

/* Begin PBXSourcesBuildPhase section */
		FA470A38169FED4D00558CD3 /* Sources */ = {
			isa = PBXSourcesBuildPhase;
			buildActionMask = 2147483647;
			files = (
				FA470A4D169FED4D00558CD3 /* main.m in Sources */,
				2F59D63816E9A47C00F8B110 /* AppDelegate.m in Sources */,
				2F59D63916E9A47C00F8B110 /* FriendsAroundYouViewController.m in Sources */,
				2F59D63B16E9A47C00F8B110 /* LoginViewController.m in Sources */,
				2F59D63D16E9A47C00F8B110 /* PostCommentViewController.m in Sources */,
				2F59D63F16E9A47C00F8B110 /* Cell.m in Sources */,
				2F59D64016E9A47C00F8B110 /* ViewController.m in Sources */,
				2F59D65816E9A6EA00F8B110 /* UIViewController+ProgressSheet.m in Sources */,
			);
			runOnlyForDeploymentPostprocessing = 0;
		};
/* End PBXSourcesBuildPhase section */

/* Begin PBXVariantGroup section */
		FA470A49169FED4D00558CD3 /* InfoPlist.strings */ = {
			isa = PBXVariantGroup;
			children = (
				FA470A4A169FED4D00558CD3 /* en */,
			);
			name = InfoPlist.strings;
			sourceTree = "<group>";
		};
		FA470A5B169FED4E00558CD3 /* ViewController.xib */ = {
			isa = PBXVariantGroup;
			children = (
				FA470A5C169FED4E00558CD3 /* en */,
			);
			name = ViewController.xib;
			path = ../..;
			sourceTree = "<group>";
		};
/* End PBXVariantGroup section */

/* Begin XCBuildConfiguration section */
		FA470A5E169FED4E00558CD3 /* Debug */ = {
			isa = XCBuildConfiguration;
			buildSettings = {
				ALWAYS_SEARCH_USER_PATHS = NO;
				CLANG_CXX_LANGUAGE_STANDARD = "gnu++0x";
				CLANG_CXX_LIBRARY = "libc++";
				CLANG_ENABLE_OBJC_ARC = YES;
				CLANG_WARN_EMPTY_BODY = YES;
				CLANG_WARN__DUPLICATE_METHOD_MATCH = YES;
				CODE_SIGN_IDENTITY = "iPhone Developer: praneeth patlola (67YQACTWSY)";
				"CODE_SIGN_IDENTITY[sdk=iphoneos*]" = "iPhone Developer: praneeth patlola (67YQACTWSY)";
				COPY_PHASE_STRIP = NO;
				GCC_C_LANGUAGE_STANDARD = gnu99;
				GCC_DYNAMIC_NO_PIC = NO;
				GCC_OPTIMIZATION_LEVEL = 0;
				GCC_PREPROCESSOR_DEFINITIONS = (
					"DEBUG=1",
					"$(inherited)",
				);
				GCC_SYMBOLS_PRIVATE_EXTERN = NO;
				GCC_WARN_ABOUT_RETURN_TYPE = YES;
				GCC_WARN_UNINITIALIZED_AUTOS = YES;
				GCC_WARN_UNUSED_VARIABLE = YES;
				IPHONEOS_DEPLOYMENT_TARGET = 6.0;
				ONLY_ACTIVE_ARCH = YES;
				PROVISIONING_PROFILE = "";
				"PROVISIONING_PROFILE[sdk=iphoneos*]" = "";
				SDKROOT = iphoneos;
			};
			name = Debug;
		};
		FA470A5F169FED4E00558CD3 /* Release */ = {
			isa = XCBuildConfiguration;
			buildSettings = {
				ALWAYS_SEARCH_USER_PATHS = NO;
				CLANG_CXX_LANGUAGE_STANDARD = "gnu++0x";
				CLANG_CXX_LIBRARY = "libc++";
				CLANG_ENABLE_OBJC_ARC = YES;
				CLANG_WARN_EMPTY_BODY = YES;
				CLANG_WARN__DUPLICATE_METHOD_MATCH = YES;
				CODE_SIGN_IDENTITY = "iPhone Developer: praneeth patlola (67YQACTWSY)";
				"CODE_SIGN_IDENTITY[sdk=iphoneos*]" = "iPhone Developer: praneeth patlola (67YQACTWSY)";
				COPY_PHASE_STRIP = YES;
				GCC_C_LANGUAGE_STANDARD = gnu99;
				GCC_WARN_ABOUT_RETURN_TYPE = YES;
				GCC_WARN_UNINITIALIZED_AUTOS = YES;
				GCC_WARN_UNUSED_VARIABLE = YES;
				IPHONEOS_DEPLOYMENT_TARGET = 6.0;
				OTHER_CFLAGS = "-DNS_BLOCK_ASSERTIONS=1";
				PROVISIONING_PROFILE = "";
				"PROVISIONING_PROFILE[sdk=iphoneos*]" = "";
				SDKROOT = iphoneos;
				VALIDATE_PRODUCT = YES;
			};
			name = Release;
		};
		FA470A61169FED4E00558CD3 /* Debug */ = {
			isa = XCBuildConfiguration;
			buildSettings = {
				CODE_SIGN_IDENTITY = "iPhone Developer: praneeth patlola (67YQACTWSY)";
				"CODE_SIGN_IDENTITY[sdk=iphoneos*]" = "iPhone Developer: praneeth patlola (67YQACTWSY)";
				FRAMEWORK_SEARCH_PATHS = (
					"$(inherited)",
					"\"$(SRCROOT)/Whosflying\"",
				);
				GCC_PRECOMPILE_PREFIX_HEADER = YES;
				GCC_PREFIX_HEADER = "Whosflying/Whosflying-Prefix.pch";
				INFOPLIST_FILE = "Whosflying/Whosflying-Info.plist";
				OTHER_LDFLAGS = "-lsqlite3.0";
				PRODUCT_NAME = "$(TARGET_NAME)";
				PROVISIONING_PROFILE = "";
				"PROVISIONING_PROFILE[sdk=iphoneos*]" = "";
				TARGETED_DEVICE_FAMILY = 1;
				WRAPPER_EXTENSION = app;
			};
			name = Debug;
		};
		FA470A62169FED4E00558CD3 /* Release */ = {
			isa = XCBuildConfiguration;
			buildSettings = {
				CODE_SIGN_IDENTITY = "iPhone Developer: praneeth patlola (67YQACTWSY)";
				"CODE_SIGN_IDENTITY[sdk=iphoneos*]" = "iPhone Developer: praneeth patlola (67YQACTWSY)";
				FRAMEWORK_SEARCH_PATHS = (
					"$(inherited)",
					"\"$(SRCROOT)/Whosflying\"",
				);
				GCC_PRECOMPILE_PREFIX_HEADER = YES;
				GCC_PREFIX_HEADER = "Whosflying/Whosflying-Prefix.pch";
				INFOPLIST_FILE = "Whosflying/Whosflying-Info.plist";
				OTHER_LDFLAGS = "-lsqlite3.0";
				PRODUCT_NAME = "$(TARGET_NAME)";
				PROVISIONING_PROFILE = "";
				"PROVISIONING_PROFILE[sdk=iphoneos*]" = "";
				TARGETED_DEVICE_FAMILY = 1;
				WRAPPER_EXTENSION = app;
			};
			name = Release;
		};
/* End XCBuildConfiguration section */

/* Begin XCConfigurationList section */
		FA470A36169FED4D00558CD3 /* Build configuration list for PBXProject "Whosflying" */ = {
			isa = XCConfigurationList;
			buildConfigurations = (
				FA470A5E169FED4E00558CD3 /* Debug */,
				FA470A5F169FED4E00558CD3 /* Release */,
			);
			defaultConfigurationIsVisible = 0;
			defaultConfigurationName = Release;
		};
		FA470A60169FED4E00558CD3 /* Build configuration list for PBXNativeTarget "Whosflying" */ = {
			isa = XCConfigurationList;
			buildConfigurations = (
				FA470A61169FED4E00558CD3 /* Debug */,
				FA470A62169FED4E00558CD3 /* Release */,
			);
			defaultConfigurationIsVisible = 0;
			defaultConfigurationName = Release;
		};
/* End XCConfigurationList section */
	};
	rootObject = FA470A33169FED4D00558CD3 /* Project object */;
}
